
Microsoft Visual Studio Solution File, Format Version 12.00
# Visual Studio 15
VisualStudioVersion = 15.0.28307.572
MinimumVisualStudioVersion = 10.0.40219.1
Project("{FAE04EC0-301F-11D3-BF4B-00C04F79EFBC}") = "TestGit1", "TestGit1\TestGit1.csproj", "{FD3A421A-8A76-4CBD-80B8-E872E03C0B83}"
EndProject
Global
	GlobalSection(SolutionConfigurationPlatforms) = preSolution
		Debug|Any CPU = Debug|Any CPU
		Release|Any CPU = Release|Any CPU
	EndGlobalSection
	GlobalSection(ProjectConfigurationPlatforms) = postSolution
		{FD3A421A-8A76-4CBD-80B8-E872E03C0B83}.Debug|Any CPU.ActiveCfg = Debug|Any CPU
		{FD3A421A-8A76-4CBD-80B8-E872E03C0B83}.Debug|Any CPU.Build.0 = Debug|Any CPU
		{FD3A421A-8A76-4CBD-80B8-E872E03C0B83}.Release|Any CPU.ActiveCfg = Release|Any CPU
		{FD3A421A-8A76-4CBD-80B8-E872E03C0B83}.Release|Any CPU.Build.0 = Release|Any CPU
	EndGlobalSection
	GlobalSection(SolutionProperties) = preSolution
		HideSolutionNode = FALSE
	EndGlobalSection
	GlobalSection(ExtensibilityGlobals) = postSolution
		SolutionGuid = {83378CD1-C74F-4713-B6A1-763A5AD830A6}
	EndGlobalSection
EndGlobal
